// !$*UTF8*$!
{
	archiveVersion = 1;
	classes = {
	};
	objectVersion = 46;
	objects = {

/* Begin PBXBuildFile section */
		1F93FBB51C6568CE00E3BDCA /* AppDelegate.swift in Sources */ = {isa = PBXBuildFile; fileRef = 1F93FBB41C6568CE00E3BDCA /* AppDelegate.swift */; };
		1F93FBB71C6568CE00E3BDCA /* ViewController.swift in Sources */ = {isa = PBXBuildFile; fileRef = 1F93FBB61C6568CE00E3BDCA /* ViewController.swift */; };
		1F93FBBA1C6568CE00E3BDCA /* Main.storyboard in Resources */ = {isa = PBXBuildFile; fileRef = 1F93FBB81C6568CE00E3BDCA /* Main.storyboard */; };
		1F93FBBC1C6568CE00E3BDCA /* Assets.xcassets in Resources */ = {isa = PBXBuildFile; fileRef = 1F93FBBB1C6568CE00E3BDCA /* Assets.xcassets */; };
		1F93FBBF1C6568CE00E3BDCA /* LaunchScreen.storyboard in Resources */ = {isa = PBXBuildFile; fileRef = 1F93FBBD1C6568CE00E3BDCA /* LaunchScreen.storyboard */; };
/* End PBXBuildFile section */

/* Begin PBXFileReference section */
		1F93FBB11C6568CE00E3BDCA /* MemeThis.app */ = {isa = PBXFileReference; explicitFileType = wrapper.application; includeInIndex = 0; path = MemeThis.app; sourceTree = BUILT_PRODUCTS_DIR; };
		1F93FBB41C6568CE00E3BDCA /* AppDelegate.swift */ = {isa = PBXFileReference; lastKnownFileType = sourcecode.swift; path = AppDelegate.swift; sourceTree = "<group>"; };
		1F93FBB61C6568CE00E3BDCA /* ViewController.swift */ = {isa = PBXFileReference; lastKnownFileType = sourcecode.swift; path = ViewController.swift; sourceTree = "<group>"; };
		1F93FBB91C6568CE00E3BDCA /* Base */ = {isa = PBXFileReference; lastKnownFileType = file.storyboard; name = Base; path = Base.lproj/Main.storyboard; sourceTree = "<group>"; };
		1F93FBBB1C6568CE00E3BDCA /* Assets.xcassets */ = {isa = PBXFileReference; lastKnownFileType = folder.assetcatalog; path = Assets.xcassets; sourceTree = "<group>"; };
		1F93FBBE1C6568CE00E3BDCA /* Base */ = {isa = PBXFileReference; lastKnownFileType = file.storyboard; name = Base; path = Base.lproj/LaunchScreen.storyboard; sourceTree = "<group>"; };
		1F93FBC01C6568CE00E3BDCA /* Info.plist */ = {isa = PBXFileReference; lastKnownFileType = text.plist.xml; path = Info.plist; sourceTree = "<group>"; };
/* End PBXFileReference section */

/* Begin PBXFrameworksBuildPhase section */
		1F93FBAE1C6568CD00E3BDCA /* Frameworks */ = {
			isa = PBXFrameworksBuildPhase;
			buildActionMask = 2147483647;
			files = (
			);
			runOnlyForDeploymentPostprocessing = 0;
		};
/* End PBXFrameworksBuildPhase section */

/* Begin PBXGroup section */
		1F93FBA81C6568CD00E3BDCA = {
			isa = PBXGroup;
			children = (
				1F93FBB31C6568CE00E3BDCA /* MemeThis */,
				1F93FBB21C6568CE00E3BDCA /* Products */,
			);
			sourceTree = "<group>";
		};
		1F93FBB21C6568CE00E3BDCA /* Products */ = {
			isa = PBXGroup;
			children = (
				1F93FBB11C6568CE00E3BDCA /* MemeThis.app */,
			);
			name = Products;
			sourceTree = "<group>";
		};
		1F93FBB31C6568CE00E3BDCA /* MemeThis */ = {
			isa = PBXGroup;
			children = (
				1F93FBB41C6568CE00E3BDCA /* AppDelegate.swift */,
				1F93FBB61C6568CE00E3BDCA /* ViewController.swift */,
				1F93FBB81C6568CE00E3BDCA /* Main.storyboard */,
				1F93FBBB1C6568CE00E3BDCA /* Assets.xcassets */,
				1F93FBBD1C6568CE00E3BDCA /* LaunchScreen.storyboard */,
				1F93FBC01C6568CE00E3BDCA /* Info.plist */,
			);
			path = MemeThis;
			sourceTree = "<group>";
		};
/* End PBXGroup section */

/* Begin PBXNativeTarget section */
		1F93FBB01C6568CD00E3BDCA /* MemeThis */ = {
			isa = PBXNativeTarget;
			buildConfigurationList = 1F93FBC31C6568CE00E3BDCA /* Build configuration list for PBXNativeTarget "MemeThis" */;
			buildPhases = (
				1F93FBAD1C6568CD00E3BDCA /* Sources */,
				1F93FBAE1C6568CD00E3BDCA /* Frameworks */,
				1F93FBAF1C6568CD00E3BDCA /* Resources */,
			);
			buildRules = (
			);
			dependencies = (
			);
			name = MemeThis;
			productName = MemeThis;
			productReference = 1F93FBB11C6568CE00E3BDCA /* MemeThis.app */;
			productType = "com.apple.product-type.application";
		};
/* End PBXNativeTarget section */

/* Begin PBXProject section */
		1F93FBA91C6568CD00E3BDCA /* Project object */ = {
			isa = PBXProject;
			attributes = {
				LastSwiftUpdateCheck = 0720;
				LastUpgradeCheck = 0720;
				ORGANIZATIONNAME = Mindcloud;
				TargetAttributes = {
					1F93FBB01C6568CD00E3BDCA = {
						CreatedOnToolsVersion = 7.2;
					};
				};
			};
			buildConfigurationList = 1F93FBAC1C6568CD00E3BDCA /* Build configuration list for PBXProject "MemeThis" */;
			compatibilityVersion = "Xcode 3.2";
			developmentRegion = English;
			hasScannedForEncodings = 0;
			knownRegions = (
				en,
				Base,
			);
			mainGroup = 1F93FBA81C6568CD00E3BDCA;
			productRefGroup = 1F93FBB21C6568CE00E3BDCA /* Products */;
			projectDirPath = "";
			projectRoot = "";
			targets = (
				1F93FBB01C6568CD00E3BDCA /* MemeThis */,
			);
		};
/* End PBXProject section */

/* Begin PBXResourcesBuildPhase section */
		1F93FBAF1C6568CD00E3BDCA /* Resources */ = {
			isa = PBXResourcesBuildPhase;
			buildActionMask = 2147483647;
			files = (
				1F93FBBF1C6568CE00E3BDCA /* LaunchScreen.storyboard in Resources */,
				1F93FBBC1C6568CE00E3BDCA /* Assets.xcassets in Resources */,
				1F93FBBA1C6568CE00E3BDCA /* Main.storyboard in Resources */,
			);
			runOnlyForDeploymentPostprocessing = 0;
		};
/* End PBXResourcesBuildPhase section */

/* Begin PBXSourcesBuildPhase section */
		1F93FBAD1C6568CD00E3BDCA /* Sources */ = {
			isa = PBXSourcesBuildPhase;
			buildActionMask = 2147483647;
			files = (
				1F93FBB71C6568CE00E3BDCA /* ViewController.swift in Sources */,
				1F93FBB51C6568CE00E3BDCA /* AppDelegate.swift in Sources */,
			);
			runOnlyForDeploymentPostprocessing = 0;
		};
/* End PBXSourcesBuildPhase section */

/* Begin PBXVariantGroup section */
		1F93FBB81C6568CE00E3BDCA /* Main.storyboard */ = {
			isa = PBXVariantGroup;
			children = (
				1F93FBB91C6568CE00E3BDCA /* Base */,
			);
			name = Main.storyboard;
			sourceTree = "<group>";
		};
		1F93FBBD1C6568CE00E3BDCA /* LaunchScreen.storyboard */ = {
			isa = PBXVariantGroup;
			children = (
				1F93FBBE1C6568CE00E3BDCA /* Base */,
			);
			name = LaunchScreen.storyboard;
			sourceTree = "<group>";
		};
/* End PBXVariantGroup section */

/* Begin XCBuildConfiguration section */
		1F93FBC11C6568CE00E3BDCA /* Debug */ = {
			isa = XCBuildConfiguration;
			buildSettings = {
				ALWAYS_SEARCH_USER_PATHS = NO;
				CLANG_CXX_LANGUAGE_STANDARD = "gnu++0x";
				CLANG_CXX_LIBRARY = "libc++";
				CLANG_ENABLE_MODULES = YES;
				CLANG_ENABLE_OBJC_ARC = YES;
				CLANG_WARN_BOOL_CONVERSION = YES;
				CLANG_WARN_CONSTANT_CONVERSION = YES;
				CLANG_WARN_DIRECT_OBJC_ISA_USAGE = YES_ERROR;
				CLANG_WARN_EMPTY_BODY = YES;
				CLANG_WARN_ENUM_CONVERSION = YES;
				CLANG_WARN_INT_CONVERSION = YES;
				CLANG_WARN_OBJC_ROOT_CLASS = YES_ERROR;
				CLANG_WARN_UNREACHABLE_CODE = YES;
				CLANG_WARN__DUPLICATE_METHOD_MATCH = YES;
				"CODE_SIGN_IDENTITY[sdk=iphoneos*]" = "iPhone Developer";
				COPY_PHASE_STRIP = NO;
				DEBUG_INFORMATION_FORMAT = dwarf;
				ENABLE_STRICT_OBJC_MSGSEND = YES;
				ENABLE_TESTABILITY = YES;
				GCC_C_LANGUAGE_STANDARD = gnu99;
				GCC_DYNAMIC_NO_PIC = NO;
				GCC_NO_COMMON_BLOCKS = YES;
				GCC_OPTIMIZATION_LEVEL = 0;
				GCC_PREPROCESSOR_DEFINITIONS = (
					"DEBUG=1",
					"$(inherited)",
				);
				GCC_WARN_64_TO_32_BIT_CONVERSION = YES;
				GCC_WARN_ABOUT_RETURN_TYPE = YES_ERROR;
				GCC_WARN_UNDECLARED_SELECTOR = YES;
				GCC_WARN_UNINITIALIZED_AUTOS = YES_AGGRESSIVE;
				GCC_WARN_UNUSED_FUNCTION = YES;
				GCC_WARN_UNUSED_VARIABLE = YES;
				IPHONEOS_DEPLOYMENT_TARGET = 9.2;
				MTL_ENABLE_DEBUG_INFO = YES;
				ONLY_ACTIVE_ARCH = YES;
				SDKROOT = iphoneos;
				SWIFT_OPTIMIZATION_LEVEL = "-Onone";
			};
			name = Debug;
		};
		1F93FBC21C6568CE00E3BDCA /* Release */ = {
			isa = XCBuildConfiguration;
			buildSettings = {
				ALWAYS_SEARCH_USER_PATHS = NO;
				CLANG_CXX_LANGUAGE_STANDARD = "gnu++0x";
				CLANG_CXX_LIBRARY = "libc++";
				CLANG_ENABLE_MODULES = YES;
				CLANG_ENABLE_OBJC_ARC = YES;
				CLANG_WARN_BOOL_CONVERSION = YES;
				CLANG_WARN_CONSTANT_CONVERSION = YES;
				CLANG_WARN_DIRECT_OBJC_ISA_USAGE = YES_ERROR;
				CLANG_WARN_EMPTY_BODY = YES;
				CLANG_WARN_ENUM_CONVERSION = YES;
				CLANG_WARN_INT_CONVERSION = YES;
				CLANG_WARN_OBJC_ROOT_CLASS = YES_ERROR;
				CLANG_WARN_UNREACHABLE_CODE = YES;
				CLANG_WARN__DUPLICATE_METHOD_MATCH = YES;
				"CODE_SIGN_IDENTITY[sdk=iphoneos*]" = "iPhone Developer";
				COPY_PHASE_STRIP = NO;
				DEBUG_INFORMATION_FORMAT = "dwarf-with-dsym";
				ENABLE_NS_ASSERTIONS = NO;
				ENABLE_STRICT_OBJC_MSGSEND = YES;
				GCC_C_LANGUAGE_STANDARD = gnu99;
				GCC_NO_COMMON_BLOCKS = YES;
				GCC_WARN_64_TO_32_BIT_CONVERSION = YES;
				GCC_WARN_ABOUT_RETURN_TYPE = YES_ERROR;
				GCC_WARN_UNDECLARED_SELECTOR = YES;
				GCC_WARN_UNINITIALIZED_AUTOS = YES_AGGRESSIVE;
				GCC_WARN_UNUSED_FUNCTION = YES;
				GCC_WARN_UNUSED_VARIABLE = YES;
				IPHONEOS_DEPLOYMENT_TARGET = 9.2;
				MTL_ENABLE_DEBUG_INFO = NO;
				SDKROOT = iphoneos;
				VALIDATE_PRODUCT = YES;
			};
			name = Release;
		};
		1F93FBC41C6568CE00E3BDCA /* Debug */ = {
			isa = XCBuildConfiguration;
			buildSettings = {
				ASSETCATALOG_COMPILER_APPICON_NAME = AppIcon;
				INFOPLIST_FILE = MemeThis/Info.plist;
				LD_RUNPATH_SEARCH_PATHS = "$(inherited) @executable_path/Frameworks";
				PRODUCT_BUNDLE_IDENTIFIER = com.mindcloud.MemeThis;
				PRODUCT_NAME = "$(TARGET_NAME)";
			};
			name = Debug;
		};
		1F93FBC51C6568CE00E3BDCA /* Release */ = {
			isa = XCBuildConfiguration;
			buildSettings = {
				ASSETCATALOG_COMPILER_APPICON_NAME = AppIcon;
				INFOPLIST_FILE = MemeThis/Info.plist;
				LD_RUNPATH_SEARCH_PATHS = "$(inherited) @executable_path/Frameworks";
				PRODUCT_BUNDLE_IDENTIFIER = com.mindcloud.MemeThis;
				PRODUCT_NAME = "$(TARGET_NAME)";
			};
			name = Release;
		};
/* End XCBuildConfiguration section */

/* Begin XCConfigurationList section */
		1F93FBAC1C6568CD00E3BDCA /* Build configuration list for PBXProject "MemeThis" */ = {
			isa = XCConfigurationList;
			buildConfigurations = (
				1F93FBC11C6568CE00E3BDCA /* Debug */,
				1F93FBC21C6568CE00E3BDCA /* Release */,
			);
			defaultConfigurationIsVisible = 0;
			defaultConfigurationName = Release;
		};
		1F93FBC31C6568CE00E3BDCA /* Build configuration list for PBXNativeTarget "MemeThis" */ = {
			isa = XCConfigurationList;
			buildConfigurations = (
				1F93FBC41C6568CE00E3BDCA /* Debug */,
				1F93FBC51C6568CE00E3BDCA /* Release */,
			);
			defaultConfigurationIsVisible = 0;
			defaultConfigurationName = Release;
		};
/* End XCConfigurationList section */
	};
	rootObject = 1F93FBA91C6568CD00E3BDCA /* Project object */;
}
